
Microsoft Visual Studio Solution File, Format Version 12.00
# Visual Studio 15
VisualStudioVersion = 15.0.28010.2041
MinimumVisualStudioVersion = 10.0.40219.1
Project("{FAE04EC0-301F-11D3-BF4B-00C04F79EFBC}") = "DocManagement", "DocManagement\DocManagement.csproj", "{FE38B4FB-F0B1-4421-8C43-6BB00EE86CDF}"
EndProject
Global
	GlobalSection(SolutionConfigurationPlatforms) = preSolution
		Debug|Any CPU = Debug|Any CPU
		Release|Any CPU = Release|Any CPU
	EndGlobalSection
	GlobalSection(ProjectConfigurationPlatforms) = postSolution
		{FE38B4FB-F0B1-4421-8C43-6BB00EE86CDF}.Debug|Any CPU.ActiveCfg = Debug|Any CPU
		{FE38B4FB-F0B1-4421-8C43-6BB00EE86CDF}.Debug|Any CPU.Build.0 = Debug|Any CPU
		{FE38B4FB-F0B1-4421-8C43-6BB00EE86CDF}.Release|Any CPU.ActiveCfg = Release|Any CPU
		{FE38B4FB-F0B1-4421-8C43-6BB00EE86CDF}.Release|Any CPU.Build.0 = Release|Any CPU
	EndGlobalSection
	GlobalSection(SolutionProperties) = preSolution
		HideSolutionNode = FALSE
	EndGlobalSection
	GlobalSection(ExtensibilityGlobals) = postSolution
		SolutionGuid = {467A4F39-4C16-4DDE-A7F6-EC311D180746}
	EndGlobalSection
EndGlobal
